
Microsoft Visual Studio Solution File, Format Version 12.00
# Visual Studio Version 16
VisualStudioVersion = 16.0.30406.217
MinimumVisualStudioVersion = 10.0.40219.1
Project("{FAE04EC0-301F-11D3-BF4B-00C04F79EFBC}") = "DataStore.Service", "DataStore.Service\DataStore.Service.csproj", "{B5DA318F-B6FC-46F4-8CD0-3DECF393AAC9}"
EndProject
Project("{FAE04EC0-301F-11D3-BF4B-00C04F79EFBC}") = "DataStore", "DataStore\DataStore.csproj", "{8E19ABF7-4240-48C0-912D-F5CE72AE3F4B}"
EndProject
Project("{FAE04EC0-301F-11D3-BF4B-00C04F79EFBC}") = "DataStore.FileOperations", "DataStore.FileOperations\DataStore.FileOperations.csproj", "{6605CB40-D711-402D-A8BF-941642C2F9E4}"
EndProject
Global
	GlobalSection(SolutionConfigurationPlatforms) = preSolution
		Debug|Any CPU = Debug|Any CPU
		Release|Any CPU = Release|Any CPU
	EndGlobalSection
	GlobalSection(ProjectConfigurationPlatforms) = postSolution
		{B5DA318F-B6FC-46F4-8CD0-3DECF393AAC9}.Debug|Any CPU.ActiveCfg = Debug|Any CPU
		{B5DA318F-B6FC-46F4-8CD0-3DECF393AAC9}.Debug|Any CPU.Build.0 = Debug|Any CPU
		{B5DA318F-B6FC-46F4-8CD0-3DECF393AAC9}.Release|Any CPU.ActiveCfg = Release|Any CPU
		{B5DA318F-B6FC-46F4-8CD0-3DECF393AAC9}.Release|Any CPU.Build.0 = Release|Any CPU
		{8E19ABF7-4240-48C0-912D-F5CE72AE3F4B}.Debug|Any CPU.ActiveCfg = Debug|Any CPU
		{8E19ABF7-4240-48C0-912D-F5CE72AE3F4B}.Debug|Any CPU.Build.0 = Debug|Any CPU
		{8E19ABF7-4240-48C0-912D-F5CE72AE3F4B}.Release|Any CPU.ActiveCfg = Release|Any CPU
		{8E19ABF7-4240-48C0-912D-F5CE72AE3F4B}.Release|Any CPU.Build.0 = Release|Any CPU
		{6605CB40-D711-402D-A8BF-941642C2F9E4}.Debug|Any CPU.ActiveCfg = Debug|Any CPU
		{6605CB40-D711-402D-A8BF-941642C2F9E4}.Debug|Any CPU.Build.0 = Debug|Any CPU
		{6605CB40-D711-402D-A8BF-941642C2F9E4}.Release|Any CPU.ActiveCfg = Release|Any CPU
		{6605CB40-D711-402D-A8BF-941642C2F9E4}.Release|Any CPU.Build.0 = Release|Any CPU
	EndGlobalSection
	GlobalSection(SolutionProperties) = preSolution
		HideSolutionNode = FALSE
	EndGlobalSection
	GlobalSection(ExtensibilityGlobals) = postSolution
		SolutionGuid = {DECAB84C-34C5-49C8-AC5B-CB6DD564835A}
	EndGlobalSection
EndGlobal
